
Microsoft Visual Studio Solution File, Format Version 12.00
# Visual Studio Version 16
VisualStudioVersion = 16.0.31515.178
MinimumVisualStudioVersion = 10.0.40219.1
Project("{888888A0-9F3D-457C-B088-3A5042F75D52}") = "HotelReservation", "HotelReservation.pyproj", "{F9668A1B-2605-4A3D-9AE6-FDAEA2E480EB}"
EndProject
Global
	GlobalSection(SolutionConfigurationPlatforms) = preSolution
		Debug|Any CPU = Debug|Any CPU
		Release|Any CPU = Release|Any CPU
	EndGlobalSection
	GlobalSection(ProjectConfigurationPlatforms) = postSolution
		{F9668A1B-2605-4A3D-9AE6-FDAEA2E480EB}.Debug|Any CPU.ActiveCfg = Debug|Any CPU
		{F9668A1B-2605-4A3D-9AE6-FDAEA2E480EB}.Release|Any CPU.ActiveCfg = Release|Any CPU
	EndGlobalSection
	GlobalSection(SolutionProperties) = preSolution
		HideSolutionNode = FALSE
	EndGlobalSection
	GlobalSection(ExtensibilityGlobals) = postSolution
		SolutionGuid = {D01AACED-C710-4B24-9458-0E48B0CE4B55}
	EndGlobalSection
EndGlobal
